
Microsoft Visual Studio Solution File, Format Version 12.00
# Visual Studio Version 16
VisualStudioVersion = 16.0.31019.35
MinimumVisualStudioVersion = 10.0.40219.1
Project("{9A19103F-16F7-4668-BE54-9A1E7A4F7556}") = "LoginRazor", "LoginRazor\LoginRazor.csproj", "{D8554BD0-B7CB-4AC1-8BAE-05B7D81ADA89}"
EndProject
Global
	GlobalSection(SolutionConfigurationPlatforms) = preSolution
		Debug|Any CPU = Debug|Any CPU
		Release|Any CPU = Release|Any CPU
	EndGlobalSection
	GlobalSection(ProjectConfigurationPlatforms) = postSolution
		{D8554BD0-B7CB-4AC1-8BAE-05B7D81ADA89}.Debug|Any CPU.ActiveCfg = Debug|Any CPU
		{D8554BD0-B7CB-4AC1-8BAE-05B7D81ADA89}.Debug|Any CPU.Build.0 = Debug|Any CPU
		{D8554BD0-B7CB-4AC1-8BAE-05B7D81ADA89}.Release|Any CPU.ActiveCfg = Release|Any CPU
		{D8554BD0-B7CB-4AC1-8BAE-05B7D81ADA89}.Release|Any CPU.Build.0 = Release|Any CPU
	EndGlobalSection
	GlobalSection(SolutionProperties) = preSolution
		HideSolutionNode = FALSE
	EndGlobalSection
	GlobalSection(ExtensibilityGlobals) = postSolution
		SolutionGuid = {47FF5F1A-DFEF-4827-8F28-1F1859CC57E4}
	EndGlobalSection
EndGlobal
