
Microsoft Visual Studio Solution File, Format Version 12.00
# Visual Studio Version 16
VisualStudioVersion = 16.0.31019.35
MinimumVisualStudioVersion = 10.0.40219.1
Project("{FAE04EC0-301F-11D3-BF4B-00C04F79EFBC}") = "Login(MVC)", "Login(MVC)\Login(MVC).csproj", "{A8150C59-E878-4CFE-84F9-45E0AD181ACA}"
EndProject
Global
	GlobalSection(SolutionConfigurationPlatforms) = preSolution
		Debug|Any CPU = Debug|Any CPU
		Release|Any CPU = Release|Any CPU
	EndGlobalSection
	GlobalSection(ProjectConfigurationPlatforms) = postSolution
		{A8150C59-E878-4CFE-84F9-45E0AD181ACA}.Debug|Any CPU.ActiveCfg = Debug|Any CPU
		{A8150C59-E878-4CFE-84F9-45E0AD181ACA}.Debug|Any CPU.Build.0 = Debug|Any CPU
		{A8150C59-E878-4CFE-84F9-45E0AD181ACA}.Release|Any CPU.ActiveCfg = Release|Any CPU
		{A8150C59-E878-4CFE-84F9-45E0AD181ACA}.Release|Any CPU.Build.0 = Release|Any CPU
	EndGlobalSection
	GlobalSection(SolutionProperties) = preSolution
		HideSolutionNode = FALSE
	EndGlobalSection
	GlobalSection(ExtensibilityGlobals) = postSolution
		SolutionGuid = {67BBCCCF-C02B-448D-ABA5-FC38FDC0ECAD}
	EndGlobalSection
EndGlobal
